
Microsoft Visual Studio Solution File, Format Version 12.00
# Visual Studio Version 17
VisualStudioVersion = 17.14.36705.20 d17.14
MinimumVisualStudioVersion = 10.0.40219.1
Project("{FAE04EC0-301F-11D3-BF4B-00C04F79EFBC}") = "InventoryZeroAPI", "InventoryZeroAPI.csproj", "{D0EDF1B1-6A07-4D16-9878-292A77555D02}"
EndProject
Global
	GlobalSection(SolutionConfigurationPlatforms) = preSolution
		Debug|Any CPU = Debug|Any CPU
		Release|Any CPU = Release|Any CPU
	EndGlobalSection
	GlobalSection(ProjectConfigurationPlatforms) = postSolution
		{D0EDF1B1-6A07-4D16-9878-292A77555D02}.Debug|Any CPU.ActiveCfg = Debug|Any CPU
		{D0EDF1B1-6A07-4D16-9878-292A77555D02}.Debug|Any CPU.Build.0 = Debug|Any CPU
		{D0EDF1B1-6A07-4D16-9878-292A77555D02}.Release|Any CPU.ActiveCfg = Release|Any CPU
		{D0EDF1B1-6A07-4D16-9878-292A77555D02}.Release|Any CPU.Build.0 = Release|Any CPU
	EndGlobalSection
	GlobalSection(SolutionProperties) = preSolution
		HideSolutionNode = FALSE
	EndGlobalSection
	GlobalSection(ExtensibilityGlobals) = postSolution
		SolutionGuid = {4413BA9F-40D2-4ECF-81A5-941A51971DE0}
	EndGlobalSection
EndGlobal
